PODS:
  - CocoaLumberjack (1.6.5.1):
    - CocoaLumberjack/Core
    - CocoaLumberjack/Extensions
  - CocoaLumberjack/Core (1.6.5.1)
  - CocoaLumberjack/Extensions (1.6.5.1):
    - CocoaLumberjack/Core
  - JRSwizzle (1.0)
  - Kiwi (2.3.0)
  - YapDatabase (2.4.3):
    - YapDatabase/standard
  - YapDatabase/common (2.4.3):
    - CocoaLumberjack (~> 1.6.3)
  - YapDatabase/standard (2.4.3):
    - YapDatabase/common
  - YapDatabaseCJKFullTextSearch (0.1.1):
    - JRSwizzle
    - YapDatabase (>= 2.4)

DEPENDENCIES:
  - Kiwi
  - YapDatabaseCJKFullTextSearch (from `../`)

EXTERNAL SOURCES:
  YapDatabaseCJKFullTextSearch:
    :path: ../

SPEC CHECKSUMS:
  CocoaLumberjack: baf4a09a3bcbdfea3363556a90104e026d3504e2
  JRSwizzle: 30da7a2c539a4ebf954b16d15f6dd8221c9f6fa5
  Kiwi: 54bece5b35564d9b8e03c608d926f1a22fcfc589
  YapDatabase: 2ec54726596299c88e09e899e8f17c15d7f6b18a
  YapDatabaseCJKFullTextSearch: 3a275684851f5567bdc993374d2418b74fae48df

COCOAPODS: 0.33.1
